# THIS IS AN AUTOGENERATED FILE. DO NOT EDIT THIS FILE DIRECTLY.
# yarn lockfile v1


jquery.terminal@^1.4.2:
  version "1.9.0"
  resolved "https://registry.yarnpkg.com/jquery.terminal/-/jquery.terminal-1.9.0.tgz#bb7ec5b5acee38ffb4c6c43e0be031969061fb2a"
  dependencies:
    jquery "~3"

jquery@~3:
  version "3.2.1"
  resolved "https://registry.yarnpkg.com/jquery/-/jquery-3.2.1.tgz#5c4d9de652af6cd0a770154a631bba12b015c787"

keyboardevent-key-polyfill@^1.1.0:
  version "1.1.0"
  resolved "https://registry.yarnpkg.com/keyboardevent-key-polyfill/-/keyboardevent-key-polyfill-1.1.0.tgz#8a319d8e45a13172fca56286372f90c1d4c7014c"
