# THIS IS AN AUTOGENERATED FILE. DO NOT EDIT THIS FILE DIRECTLY.
# yarn lockfile v1


"@types/jquery@^3.3.6":
  version "3.3.29"
  resolved "https://registry.yarnpkg.com/@types/jquery/-/jquery-3.3.29.tgz#680a2219ce3c9250483722fccf5570d1e2d08abd"
  integrity sha512-FhJvBninYD36v3k6c+bVk1DSZwh7B5Dpb/Pyk3HKVsiohn0nhbefZZ+3JXbWQhFyt0MxSl2jRDdGQPHeOHFXrQ==
  dependencies:
    "@types/sizzle" "*"

"@types/sizzle@*":
  version "2.3.2"
  resolved "https://registry.yarnpkg.com/@types/sizzle/-/sizzle-2.3.2.tgz#a811b8c18e2babab7d542b3365887ae2e4d9de47"
  integrity sha512-7EJYyKTL7tFR8+gDbB6Wwz/arpGa0Mywk1TJbNzKzHtzbwVmY4HR9WqS5VV7dsBUKQmPNr192jHr/VpBluj/hg==

clipboard@^2.0.0:
  version "2.0.6"
  resolved "https://registry.yarnpkg.com/clipboard/-/clipboard-2.0.6.tgz#52921296eec0fdf77ead1749421b21c968647376"
  integrity sha512-g5zbiixBRk/wyKakSwCKd7vQXDjFnAMGHoEyBogG/bw9kTD9GvdAvaoRR1ALcEzt3pVKxZR0pViekPMIS0QyGg==
  dependencies:
    good-listener "^1.2.2"
    select "^1.1.2"
    tiny-emitter "^2.0.0"

clone@^1.0.2:
  version "1.0.4"
  resolved "https://registry.yarnpkg.com/clone/-/clone-1.0.4.tgz#da309cc263df15994c688ca902179ca3c7cd7c7e"
  integrity sha1-2jCcwmPfFZlMaIypAheco8fNfH4=

defaults@^1.0.3:
  version "1.0.3"
  resolved "https://registry.yarnpkg.com/defaults/-/defaults-1.0.3.tgz#c656051e9817d9ff08ed881477f3fe4019f3ef7d"
  integrity sha1-xlYFHpgX2f8I7YgUd/P+QBnz730=
  dependencies:
    clone "^1.0.2"

delegate@^3.1.2:
  version "3.2.0"
  resolved "https://registry.yarnpkg.com/delegate/-/delegate-3.2.0.tgz#b66b71c3158522e8ab5744f720d8ca0c2af59166"
  integrity sha512-IofjkYBZaZivn0V8nnsMJGBr4jVLxHDheKSW88PyxS5QC4Vo9ZbZVvhzlSxY87fVq3STR6r+4cGepyHkcWOQSw==

good-listener@^1.2.2:
  version "1.2.2"
  resolved "https://registry.yarnpkg.com/good-listener/-/good-listener-1.2.2.tgz#d53b30cdf9313dffb7dc9a0d477096aa6d145c50"
  integrity sha1-1TswzfkxPf+33JoNR3CWqm0UXFA=
  dependencies:
    delegate "^3.1.2"

jquery.terminal@^1.4.2:
  version "1.23.2"
  resolved "https://registry.yarnpkg.com/jquery.terminal/-/jquery.terminal-1.23.2.tgz#6f75f5e7d44907a18f218b6829d67e517f8f7c19"
  integrity sha512-ULKxZNzL8W4CoeAx5CJZTVY80SrNoeetA4lhnBeHd792uaLAkfRXMeJeARLWhBOrzDWo1yqn2nm4td0a+EU0dg==
  dependencies:
    "@types/jquery" "^3.3.6"
    jquery "~3"
    prismjs "^1.15.0"
    wcwidth "^1.0.1"

jquery@~3:
  version "3.5.0"
  resolved "https://registry.yarnpkg.com/jquery/-/jquery-3.5.0.tgz#9980b97d9e4194611c36530e7dc46a58d7340fc9"
  integrity sha512-Xb7SVYMvygPxbFMpTFQiHh1J7HClEaThguL15N/Gg37Lri/qKyhRGZYzHRyLH8Stq3Aow0LsHO2O2ci86fCrNQ==

keyboardevent-key-polyfill@^1.1.0:
  version "1.1.0"
  resolved "https://registry.yarnpkg.com/keyboardevent-key-polyfill/-/keyboardevent-key-polyfill-1.1.0.tgz#8a319d8e45a13172fca56286372f90c1d4c7014c"
  integrity sha1-ijGdjkWhMXL8pWKGNy+QwdTHAUw=

prismjs@^1.15.0:
  version "1.21.0"
  resolved "https://registry.yarnpkg.com/prismjs/-/prismjs-1.21.0.tgz#36c086ec36b45319ec4218ee164c110f9fc015a3"
  integrity sha512-uGdSIu1nk3kej2iZsLyDoJ7e9bnPzIgY0naW/HdknGj61zScaprVEVGHrPoXqI+M9sP0NDnTK2jpkvmldpuqDw==
  optionalDependencies:
    clipboard "^2.0.0"

select@^1.1.2:
  version "1.1.2"
  resolved "https://registry.yarnpkg.com/select/-/select-1.1.2.tgz#0e7350acdec80b1108528786ec1d4418d11b396d"
  integrity sha1-DnNQrN7ICxEIUoeG7B1EGNEbOW0=

tiny-emitter@^2.0.0:
  version "2.1.0"
  resolved "https://registry.yarnpkg.com/tiny-emitter/-/tiny-emitter-2.1.0.tgz#1d1a56edfc51c43e863cbb5382a72330e3555423"
  integrity sha512-NB6Dk1A9xgQPMoGqC5CVXn123gWyte215ONT5Pp5a0yt4nlEoO1ZWeCwpncaekPHXO60i47ihFnZPiRPjRMq4Q==

wcwidth@^1.0.1:
  version "1.0.1"
  resolved "https://registry.yarnpkg.com/wcwidth/-/wcwidth-1.0.1.tgz#f0b0dcf915bc5ff1528afadb2c0e17b532da2fe8"
  integrity sha1-8LDc+RW8X/FSivrbLA4XtTLaL+g=
  dependencies:
    defaults "^1.0.3"
